
Microsoft Visual Studio Solution File, Format Version 12.00
# Visual Studio Version 16
VisualStudioVersion = 25.0.1700.0
MinimumVisualStudioVersion = 10.0.40219.1
Project("{FAE04EC0-301F-11D3-BF4B-00C04F79EFBC}") = "BlablaNetwork", "BlablaNetwork.csproj", "{7349EAC6-96B7-4C88-9F3D-41B1226399CC}"
EndProject
Global
	GlobalSection(SolutionConfigurationPlatforms) = preSolution
		Debug|Any CPU = Debug|Any CPU
		Release|Any CPU = Release|Any CPU
	EndGlobalSection
	GlobalSection(ProjectConfigurationPlatforms) = postSolution
		{7349EAC6-96B7-4C88-9F3D-41B1226399CC}.Debug|Any CPU.ActiveCfg = Debug|Any CPU
		{7349EAC6-96B7-4C88-9F3D-41B1226399CC}.Debug|Any CPU.Build.0 = Debug|Any CPU
		{7349EAC6-96B7-4C88-9F3D-41B1226399CC}.Release|Any CPU.ActiveCfg = Release|Any CPU
		{7349EAC6-96B7-4C88-9F3D-41B1226399CC}.Release|Any CPU.Build.0 = Release|Any CPU
	EndGlobalSection
	GlobalSection(SolutionProperties) = preSolution
		HideSolutionNode = FALSE
	EndGlobalSection
	GlobalSection(ExtensibilityGlobals) = postSolution
		SolutionGuid = {93956E40-E4FA-4704-B254-1B0E69CB77E7}
	EndGlobalSection
EndGlobal
